
Microsoft Visual Studio Solution File, Format Version 10.00
# Visual Studio 2008
Project("{FAE04EC0-301F-11D3-BF4B-00C04F79EFBC}") = "GDocBackup", "GDocBackup\GDocBackup.csproj", "{F83C7F69-C33D-4C99-B278-AF8EE67013D1}"
EndProject
Project("{FAE04EC0-301F-11D3-BF4B-00C04F79EFBC}") = "GDocBackupCMD", "GDocBackupCMD\GDocBackupCMD.csproj", "{FE34A3C5-FFC2-4463-A411-71A3B0BC3BB9}"
EndProject
Project("{FAE04EC0-301F-11D3-BF4B-00C04F79EFBC}") = "GDocBackupLib", "GDocBackupLib\GDocBackupLib.csproj", "{0A52C68A-0E5A-4DA5-B5ED-71502E1BB87F}"
EndProject
Project("{FAE04EC0-301F-11D3-BF4B-00C04F79EFBC}") = "DevApp", "DevApp\DevApp.csproj", "{2D513C45-B6CD-4B76-B48A-CB87774430D5}"
EndProject
Global
	GlobalSection(SolutionConfigurationPlatforms) = preSolution
		Debug|Any CPU = Debug|Any CPU
		Release|Any CPU = Release|Any CPU
	EndGlobalSection
	GlobalSection(ProjectConfigurationPlatforms) = postSolution
		{F83C7F69-C33D-4C99-B278-AF8EE67013D1}.Debug|Any CPU.ActiveCfg = Debug|Any CPU
		{F83C7F69-C33D-4C99-B278-AF8EE67013D1}.Debug|Any CPU.Build.0 = Debug|Any CPU
		{F83C7F69-C33D-4C99-B278-AF8EE67013D1}.Release|Any CPU.ActiveCfg = Release|Any CPU
		{F83C7F69-C33D-4C99-B278-AF8EE67013D1}.Release|Any CPU.Build.0 = Release|Any CPU
		{FE34A3C5-FFC2-4463-A411-71A3B0BC3BB9}.Debug|Any CPU.ActiveCfg = Debug|Any CPU
		{FE34A3C5-FFC2-4463-A411-71A3B0BC3BB9}.Debug|Any CPU.Build.0 = Debug|Any CPU
		{FE34A3C5-FFC2-4463-A411-71A3B0BC3BB9}.Release|Any CPU.ActiveCfg = Release|Any CPU
		{FE34A3C5-FFC2-4463-A411-71A3B0BC3BB9}.Release|Any CPU.Build.0 = Release|Any CPU
		{0A52C68A-0E5A-4DA5-B5ED-71502E1BB87F}.Debug|Any CPU.ActiveCfg = Debug|Any CPU
		{0A52C68A-0E5A-4DA5-B5ED-71502E1BB87F}.Debug|Any CPU.Build.0 = Debug|Any CPU
		{0A52C68A-0E5A-4DA5-B5ED-71502E1BB87F}.Release|Any CPU.ActiveCfg = Release|Any CPU
		{0A52C68A-0E5A-4DA5-B5ED-71502E1BB87F}.Release|Any CPU.Build.0 = Release|Any CPU
		{2D513C45-B6CD-4B76-B48A-CB87774430D5}.Debug|Any CPU.ActiveCfg = Debug|Any CPU
		{2D513C45-B6CD-4B76-B48A-CB87774430D5}.Debug|Any CPU.Build.0 = Debug|Any CPU
		{2D513C45-B6CD-4B76-B48A-CB87774430D5}.Release|Any CPU.ActiveCfg = Release|Any CPU
		{2D513C45-B6CD-4B76-B48A-CB87774430D5}.Release|Any CPU.Build.0 = Release|Any CPU
	EndGlobalSection
	GlobalSection(SolutionProperties) = preSolution
		HideSolutionNode = FALSE
	EndGlobalSection
EndGlobal
